
Microsoft Visual Studio Solution File, Format Version 12.00
# Visual Studio Version 17
VisualStudioVersion = 17.1.32210.238
MinimumVisualStudioVersion = 10.0.40219.1
Project("{2150E333-8FDC-42A3-9474-1A3956D46DE8}") = "Services", "Services", "{0EAC417B-FB86-4334-B3B0-D070B353C305}"
EndProject
Project("{2150E333-8FDC-42A3-9474-1A3956D46DE8}") = "Catalog", "Catalog", "{E7A5FC7C-B246-4BB3-A8D4-0DAE813B4B54}"
EndProject
Project("{9A19103F-16F7-4668-BE54-9A1E7A4F7556}") = "Catalog.API", "Services\Catalog\Catalog.API\Catalog.API.csproj", "{289A3941-DA59-46C9-B115-3BDD70CD21EE}"
EndProject
Project("{E53339B2-1760-4266-BCC7-CA923CBCF16C}") = "docker-compose", "docker-compose.dcproj", "{781112F2-9A45-4ED2-97E2-D5D969594D03}"
EndProject
Project("{2150E333-8FDC-42A3-9474-1A3956D46DE8}") = "Basket", "Basket", "{11D681D6-DBC1-460D-ADE5-A71DAC26062A}"
EndProject
Project("{9A19103F-16F7-4668-BE54-9A1E7A4F7556}") = "Basket.API", "Services\Basket\Basket.API\Basket.API.csproj", "{C5F7B677-B6EA-424D-9FB6-6D7D6E27FC3C}"
EndProject
Project("{2150E333-8FDC-42A3-9474-1A3956D46DE8}") = "Discount", "Discount", "{3F150D54-26DB-4ABA-B570-6CED21C143FC}"
EndProject
Project("{FAE04EC0-301F-11D3-BF4B-00C04F79EFBC}") = "Discount.API", "Services\Discount\Discount.API\Discount.API.csproj", "{CA79D81C-F329-4CF5-B324-9A0D15506145}"
EndProject
Global
	GlobalSection(SolutionConfigurationPlatforms) = preSolution
		Debug|Any CPU = Debug|Any CPU
		Release|Any CPU = Release|Any CPU
	EndGlobalSection
	GlobalSection(ProjectConfigurationPlatforms) = postSolution
		{289A3941-DA59-46C9-B115-3BDD70CD21EE}.Debug|Any CPU.ActiveCfg = Debug|Any CPU
		{289A3941-DA59-46C9-B115-3BDD70CD21EE}.Debug|Any CPU.Build.0 = Debug|Any CPU
		{289A3941-DA59-46C9-B115-3BDD70CD21EE}.Release|Any CPU.ActiveCfg = Release|Any CPU
		{289A3941-DA59-46C9-B115-3BDD70CD21EE}.Release|Any CPU.Build.0 = Release|Any CPU
		{781112F2-9A45-4ED2-97E2-D5D969594D03}.Debug|Any CPU.ActiveCfg = Debug|Any CPU
		{781112F2-9A45-4ED2-97E2-D5D969594D03}.Debug|Any CPU.Build.0 = Debug|Any CPU
		{781112F2-9A45-4ED2-97E2-D5D969594D03}.Release|Any CPU.ActiveCfg = Release|Any CPU
		{781112F2-9A45-4ED2-97E2-D5D969594D03}.Release|Any CPU.Build.0 = Release|Any CPU
		{C5F7B677-B6EA-424D-9FB6-6D7D6E27FC3C}.Debug|Any CPU.ActiveCfg = Debug|Any CPU
		{C5F7B677-B6EA-424D-9FB6-6D7D6E27FC3C}.Debug|Any CPU.Build.0 = Debug|Any CPU
		{C5F7B677-B6EA-424D-9FB6-6D7D6E27FC3C}.Release|Any CPU.ActiveCfg = Release|Any CPU
		{C5F7B677-B6EA-424D-9FB6-6D7D6E27FC3C}.Release|Any CPU.Build.0 = Release|Any CPU
		{CA79D81C-F329-4CF5-B324-9A0D15506145}.Debug|Any CPU.ActiveCfg = Debug|Any CPU
		{CA79D81C-F329-4CF5-B324-9A0D15506145}.Debug|Any CPU.Build.0 = Debug|Any CPU
		{CA79D81C-F329-4CF5-B324-9A0D15506145}.Release|Any CPU.ActiveCfg = Release|Any CPU
		{CA79D81C-F329-4CF5-B324-9A0D15506145}.Release|Any CPU.Build.0 = Release|Any CPU
	EndGlobalSection
	GlobalSection(SolutionProperties) = preSolution
		HideSolutionNode = FALSE
	EndGlobalSection
	GlobalSection(NestedProjects) = preSolution
		{E7A5FC7C-B246-4BB3-A8D4-0DAE813B4B54} = {0EAC417B-FB86-4334-B3B0-D070B353C305}
		{289A3941-DA59-46C9-B115-3BDD70CD21EE} = {E7A5FC7C-B246-4BB3-A8D4-0DAE813B4B54}
		{11D681D6-DBC1-460D-ADE5-A71DAC26062A} = {0EAC417B-FB86-4334-B3B0-D070B353C305}
		{C5F7B677-B6EA-424D-9FB6-6D7D6E27FC3C} = {11D681D6-DBC1-460D-ADE5-A71DAC26062A}
		{3F150D54-26DB-4ABA-B570-6CED21C143FC} = {0EAC417B-FB86-4334-B3B0-D070B353C305}
		{CA79D81C-F329-4CF5-B324-9A0D15506145} = {3F150D54-26DB-4ABA-B570-6CED21C143FC}
	EndGlobalSection
	GlobalSection(ExtensibilityGlobals) = postSolution
		SolutionGuid = {A56C8134-CE15-4F1D-9390-BB802993208D}
	EndGlobalSection
EndGlobal
