
Microsoft Visual Studio Solution File, Format Version 12.00
# Visual Studio Version 17
VisualStudioVersion = 17.1.32210.238
MinimumVisualStudioVersion = 10.0.40219.1
Project("{2150E333-8FDC-42A3-9474-1A3956D46DE8}") = "Services", "Services", "{0EAC417B-FB86-4334-B3B0-D070B353C305}"
EndProject
Project("{2150E333-8FDC-42A3-9474-1A3956D46DE8}") = "Catalog", "Catalog", "{E7A5FC7C-B246-4BB3-A8D4-0DAE813B4B54}"
EndProject
Project("{9A19103F-16F7-4668-BE54-9A1E7A4F7556}") = "Catalog.API", "Services\Catalog\Catalog.API\Catalog.API.csproj", "{289A3941-DA59-46C9-B115-3BDD70CD21EE}"
EndProject
Project("{E53339B2-1760-4266-BCC7-CA923CBCF16C}") = "docker-compose", "docker-compose.dcproj", "{781112F2-9A45-4ED2-97E2-D5D969594D03}"
EndProject
Project("{2150E333-8FDC-42A3-9474-1A3956D46DE8}") = "Basket", "Basket", "{11D681D6-DBC1-460D-ADE5-A71DAC26062A}"
EndProject
Project("{9A19103F-16F7-4668-BE54-9A1E7A4F7556}") = "Basket.API", "Services\Basket\Basket.API\Basket.API.csproj", "{C5F7B677-B6EA-424D-9FB6-6D7D6E27FC3C}"
EndProject
Project("{2150E333-8FDC-42A3-9474-1A3956D46DE8}") = "Discount", "Discount", "{3F150D54-26DB-4ABA-B570-6CED21C143FC}"
EndProject
Project("{9A19103F-16F7-4668-BE54-9A1E7A4F7556}") = "Discount.API", "Services\Discount\Discount.API\Discount.API.csproj", "{CA79D81C-F329-4CF5-B324-9A0D15506145}"
EndProject
Project("{9A19103F-16F7-4668-BE54-9A1E7A4F7556}") = "Discount.Grpc", "Services\Discount\Discount.Grpc\Discount.Grpc.csproj", "{2F77118E-32FC-49D1-8563-57919B654083}"
EndProject
Project("{2150E333-8FDC-42A3-9474-1A3956D46DE8}") = "Ordering", "Ordering", "{52A5FD45-E0D7-444A-BB3F-EFFAF89AC47E}"
EndProject
Project("{9A19103F-16F7-4668-BE54-9A1E7A4F7556}") = "Ordering.API", "Services\Ordering\Ordering.API\Ordering.API.csproj", "{9BDAA42C-BADC-438B-8C02-E9C02483B3D7}"
EndProject
Project("{9A19103F-16F7-4668-BE54-9A1E7A4F7556}") = "Ordering.Domain", "Services\Ordering\Ordering.Domain\Ordering.Domain.csproj", "{C551AD90-EDBE-4C63-9A86-EDD55B719B98}"
EndProject
Project("{9A19103F-16F7-4668-BE54-9A1E7A4F7556}") = "Ordering.Application", "Services\Ordering\Ordering.Application\Ordering.Application.csproj", "{C5DC025D-CAE5-4665-BBBE-95BBA84DD0AF}"
EndProject
Project("{9A19103F-16F7-4668-BE54-9A1E7A4F7556}") = "Ordering.Infrastructure", "Services\Ordering\Ordering.Infrastructure\Ordering.Infrastructure.csproj", "{7AD10779-EA31-4877-A01B-15C5EBB18CAD}"
EndProject
Project("{2150E333-8FDC-42A3-9474-1A3956D46DE8}") = "BuildingBlocks", "BuildingBlocks", "{1E379EC0-C011-48F0-8447-557642B26B8D}"
EndProject
Project("{9A19103F-16F7-4668-BE54-9A1E7A4F7556}") = "EventBus.Messages", "BuildingBlocks\EventBus.Messages\EventBus.Messages.csproj", "{3AC45EC1-8A03-4B1B-A7FC-C820D6DE2D42}"
EndProject
Project("{2150E333-8FDC-42A3-9474-1A3956D46DE8}") = "ApiGateways", "ApiGateways", "{0A65C7EF-2765-4A1C-B281-3109B9EF2040}"
EndProject
Project("{9A19103F-16F7-4668-BE54-9A1E7A4F7556}") = "OcelotApiGw", "ApiGateways\OcelotApiGw\OcelotApiGw.csproj", "{9742A44C-82DE-4B86-A20A-5C7BFC297C56}"
EndProject
Project("{9A19103F-16F7-4668-BE54-9A1E7A4F7556}") = "Shopping.Aggregator", "ApiGateways\Shopping.Aggregator\Shopping.Aggregator.csproj", "{8015A2EC-7B02-4063-91CF-ADD045D67192}"
EndProject
Project("{2150E333-8FDC-42A3-9474-1A3956D46DE8}") = "WebApps", "WebApps", "{5D46116D-2749-4260-8495-331E7C65EB7D}"
EndProject
Project("{9A19103F-16F7-4668-BE54-9A1E7A4F7556}") = "AspnetRunBasics", "WebApps\AspnetRunBasics\AspnetRunBasics.csproj", "{30D4CF44-DEAB-4967-BD89-8180CC87EF07}"
EndProject
Global
	GlobalSection(SolutionConfigurationPlatforms) = preSolution
		Debug|Any CPU = Debug|Any CPU
		Release|Any CPU = Release|Any CPU
	EndGlobalSection
	GlobalSection(ProjectConfigurationPlatforms) = postSolution
		{289A3941-DA59-46C9-B115-3BDD70CD21EE}.Debug|Any CPU.ActiveCfg = Debug|Any CPU
		{289A3941-DA59-46C9-B115-3BDD70CD21EE}.Debug|Any CPU.Build.0 = Debug|Any CPU
		{289A3941-DA59-46C9-B115-3BDD70CD21EE}.Release|Any CPU.ActiveCfg = Release|Any CPU
		{289A3941-DA59-46C9-B115-3BDD70CD21EE}.Release|Any CPU.Build.0 = Release|Any CPU
		{781112F2-9A45-4ED2-97E2-D5D969594D03}.Debug|Any CPU.ActiveCfg = Debug|Any CPU
		{781112F2-9A45-4ED2-97E2-D5D969594D03}.Debug|Any CPU.Build.0 = Debug|Any CPU
		{781112F2-9A45-4ED2-97E2-D5D969594D03}.Release|Any CPU.ActiveCfg = Release|Any CPU
		{781112F2-9A45-4ED2-97E2-D5D969594D03}.Release|Any CPU.Build.0 = Release|Any CPU
		{C5F7B677-B6EA-424D-9FB6-6D7D6E27FC3C}.Debug|Any CPU.ActiveCfg = Debug|Any CPU
		{C5F7B677-B6EA-424D-9FB6-6D7D6E27FC3C}.Debug|Any CPU.Build.0 = Debug|Any CPU
		{C5F7B677-B6EA-424D-9FB6-6D7D6E27FC3C}.Release|Any CPU.ActiveCfg = Release|Any CPU
		{C5F7B677-B6EA-424D-9FB6-6D7D6E27FC3C}.Release|Any CPU.Build.0 = Release|Any CPU
		{CA79D81C-F329-4CF5-B324-9A0D15506145}.Debug|Any CPU.ActiveCfg = Debug|Any CPU
		{CA79D81C-F329-4CF5-B324-9A0D15506145}.Debug|Any CPU.Build.0 = Debug|Any CPU
		{CA79D81C-F329-4CF5-B324-9A0D15506145}.Release|Any CPU.ActiveCfg = Release|Any CPU
		{CA79D81C-F329-4CF5-B324-9A0D15506145}.Release|Any CPU.Build.0 = Release|Any CPU
		{2F77118E-32FC-49D1-8563-57919B654083}.Debug|Any CPU.ActiveCfg = Debug|Any CPU
		{2F77118E-32FC-49D1-8563-57919B654083}.Debug|Any CPU.Build.0 = Debug|Any CPU
		{2F77118E-32FC-49D1-8563-57919B654083}.Release|Any CPU.ActiveCfg = Release|Any CPU
		{2F77118E-32FC-49D1-8563-57919B654083}.Release|Any CPU.Build.0 = Release|Any CPU
		{9BDAA42C-BADC-438B-8C02-E9C02483B3D7}.Debug|Any CPU.ActiveCfg = Debug|Any CPU
		{9BDAA42C-BADC-438B-8C02-E9C02483B3D7}.Debug|Any CPU.Build.0 = Debug|Any CPU
		{9BDAA42C-BADC-438B-8C02-E9C02483B3D7}.Release|Any CPU.ActiveCfg = Release|Any CPU
		{9BDAA42C-BADC-438B-8C02-E9C02483B3D7}.Release|Any CPU.Build.0 = Release|Any CPU
		{C551AD90-EDBE-4C63-9A86-EDD55B719B98}.Debug|Any CPU.ActiveCfg = Debug|Any CPU
		{C551AD90-EDBE-4C63-9A86-EDD55B719B98}.Debug|Any CPU.Build.0 = Debug|Any CPU
		{C551AD90-EDBE-4C63-9A86-EDD55B719B98}.Release|Any CPU.ActiveCfg = Release|Any CPU
		{C551AD90-EDBE-4C63-9A86-EDD55B719B98}.Release|Any CPU.Build.0 = Release|Any CPU
		{C5DC025D-CAE5-4665-BBBE-95BBA84DD0AF}.Debug|Any CPU.ActiveCfg = Debug|Any CPU
		{C5DC025D-CAE5-4665-BBBE-95BBA84DD0AF}.Debug|Any CPU.Build.0 = Debug|Any CPU
		{C5DC025D-CAE5-4665-BBBE-95BBA84DD0AF}.Release|Any CPU.ActiveCfg = Release|Any CPU
		{C5DC025D-CAE5-4665-BBBE-95BBA84DD0AF}.Release|Any CPU.Build.0 = Release|Any CPU
		{7AD10779-EA31-4877-A01B-15C5EBB18CAD}.Debug|Any CPU.ActiveCfg = Debug|Any CPU
		{7AD10779-EA31-4877-A01B-15C5EBB18CAD}.Debug|Any CPU.Build.0 = Debug|Any CPU
		{7AD10779-EA31-4877-A01B-15C5EBB18CAD}.Release|Any CPU.ActiveCfg = Release|Any CPU
		{7AD10779-EA31-4877-A01B-15C5EBB18CAD}.Release|Any CPU.Build.0 = Release|Any CPU
		{3AC45EC1-8A03-4B1B-A7FC-C820D6DE2D42}.Debug|Any CPU.ActiveCfg = Debug|Any CPU
		{3AC45EC1-8A03-4B1B-A7FC-C820D6DE2D42}.Debug|Any CPU.Build.0 = Debug|Any CPU
		{3AC45EC1-8A03-4B1B-A7FC-C820D6DE2D42}.Release|Any CPU.ActiveCfg = Release|Any CPU
		{3AC45EC1-8A03-4B1B-A7FC-C820D6DE2D42}.Release|Any CPU.Build.0 = Release|Any CPU
		{9742A44C-82DE-4B86-A20A-5C7BFC297C56}.Debug|Any CPU.ActiveCfg = Debug|Any CPU
		{9742A44C-82DE-4B86-A20A-5C7BFC297C56}.Debug|Any CPU.Build.0 = Debug|Any CPU
		{9742A44C-82DE-4B86-A20A-5C7BFC297C56}.Release|Any CPU.ActiveCfg = Release|Any CPU
		{9742A44C-82DE-4B86-A20A-5C7BFC297C56}.Release|Any CPU.Build.0 = Release|Any CPU
		{8015A2EC-7B02-4063-91CF-ADD045D67192}.Debug|Any CPU.ActiveCfg = Debug|Any CPU
		{8015A2EC-7B02-4063-91CF-ADD045D67192}.Debug|Any CPU.Build.0 = Debug|Any CPU
		{8015A2EC-7B02-4063-91CF-ADD045D67192}.Release|Any CPU.ActiveCfg = Release|Any CPU
		{8015A2EC-7B02-4063-91CF-ADD045D67192}.Release|Any CPU.Build.0 = Release|Any CPU
		{30D4CF44-DEAB-4967-BD89-8180CC87EF07}.Debug|Any CPU.ActiveCfg = Debug|Any CPU
		{30D4CF44-DEAB-4967-BD89-8180CC87EF07}.Debug|Any CPU.Build.0 = Debug|Any CPU
		{30D4CF44-DEAB-4967-BD89-8180CC87EF07}.Release|Any CPU.ActiveCfg = Release|Any CPU
		{30D4CF44-DEAB-4967-BD89-8180CC87EF07}.Release|Any CPU.Build.0 = Release|Any CPU
	EndGlobalSection
	GlobalSection(SolutionProperties) = preSolution
		HideSolutionNode = FALSE
	EndGlobalSection
	GlobalSection(NestedProjects) = preSolution
		{E7A5FC7C-B246-4BB3-A8D4-0DAE813B4B54} = {0EAC417B-FB86-4334-B3B0-D070B353C305}
		{289A3941-DA59-46C9-B115-3BDD70CD21EE} = {E7A5FC7C-B246-4BB3-A8D4-0DAE813B4B54}
		{11D681D6-DBC1-460D-ADE5-A71DAC26062A} = {0EAC417B-FB86-4334-B3B0-D070B353C305}
		{C5F7B677-B6EA-424D-9FB6-6D7D6E27FC3C} = {11D681D6-DBC1-460D-ADE5-A71DAC26062A}
		{3F150D54-26DB-4ABA-B570-6CED21C143FC} = {0EAC417B-FB86-4334-B3B0-D070B353C305}
		{CA79D81C-F329-4CF5-B324-9A0D15506145} = {3F150D54-26DB-4ABA-B570-6CED21C143FC}
		{2F77118E-32FC-49D1-8563-57919B654083} = {3F150D54-26DB-4ABA-B570-6CED21C143FC}
		{52A5FD45-E0D7-444A-BB3F-EFFAF89AC47E} = {0EAC417B-FB86-4334-B3B0-D070B353C305}
		{9BDAA42C-BADC-438B-8C02-E9C02483B3D7} = {52A5FD45-E0D7-444A-BB3F-EFFAF89AC47E}
		{C551AD90-EDBE-4C63-9A86-EDD55B719B98} = {52A5FD45-E0D7-444A-BB3F-EFFAF89AC47E}
		{C5DC025D-CAE5-4665-BBBE-95BBA84DD0AF} = {52A5FD45-E0D7-444A-BB3F-EFFAF89AC47E}
		{7AD10779-EA31-4877-A01B-15C5EBB18CAD} = {52A5FD45-E0D7-444A-BB3F-EFFAF89AC47E}
		{3AC45EC1-8A03-4B1B-A7FC-C820D6DE2D42} = {1E379EC0-C011-48F0-8447-557642B26B8D}
		{9742A44C-82DE-4B86-A20A-5C7BFC297C56} = {0A65C7EF-2765-4A1C-B281-3109B9EF2040}
		{8015A2EC-7B02-4063-91CF-ADD045D67192} = {0A65C7EF-2765-4A1C-B281-3109B9EF2040}
		{30D4CF44-DEAB-4967-BD89-8180CC87EF07} = {5D46116D-2749-4260-8495-331E7C65EB7D}
	EndGlobalSection
	GlobalSection(ExtensibilityGlobals) = postSolution
		SolutionGuid = {A56C8134-CE15-4F1D-9390-BB802993208D}
	EndGlobalSection
EndGlobal
